
Microsoft Visual Studio Solution File, Format Version 12.00
# Visual Studio Version 17
VisualStudioVersion = 17.4.33213.308
MinimumVisualStudioVersion = 10.0.40219.1
Project("{9A19103F-16F7-4668-BE54-9A1E7A4F7556}") = "TestTask02Matveew", "TestTask02Matveew\TestTask02Matveew.csproj", "{D15CA1EC-B272-4A34-8FBE-510A4C29DD96}"
EndProject
Project("{FAE04EC0-301F-11D3-BF4B-00C04F79EFBC}") = "TestTask02Matveew.Interfaces", "TestTask02Matveew.Interfaces\TestTask02Matveew.Interfaces.csproj", "{D24059A7-FEFF-4FD1-B10E-BE7403685BA4}"
EndProject
Project("{FAE04EC0-301F-11D3-BF4B-00C04F79EFBC}") = "TestTask02Matveew.Services", "TestTask02Matveew.Services\TestTask02Matveew.Services.csproj", "{804D23B2-A89F-4562-97CC-622511BAFB67}"
EndProject
Project("{FAE04EC0-301F-11D3-BF4B-00C04F79EFBC}") = "TestTask02Matveew.DAL", "TestTask02Matveew.DAL\TestTask02Matveew.DAL.csproj", "{20CE3A63-A97E-48CA-8227-577F91B82703}"
EndProject
Project("{FAE04EC0-301F-11D3-BF4B-00C04F79EFBC}") = "TestTask02Matveew.Domain", "TestTask02Matveew.Domain\TestTask02Matveew.Domain.csproj", "{5FB3C8E0-E133-48E2-98DA-CCEB0B14CF3D}"
EndProject
Global
	GlobalSection(SolutionConfigurationPlatforms) = preSolution
		Debug|Any CPU = Debug|Any CPU
		Release|Any CPU = Release|Any CPU
	EndGlobalSection
	GlobalSection(ProjectConfigurationPlatforms) = postSolution
		{D15CA1EC-B272-4A34-8FBE-510A4C29DD96}.Debug|Any CPU.ActiveCfg = Debug|Any CPU
		{D15CA1EC-B272-4A34-8FBE-510A4C29DD96}.Debug|Any CPU.Build.0 = Debug|Any CPU
		{D15CA1EC-B272-4A34-8FBE-510A4C29DD96}.Release|Any CPU.ActiveCfg = Release|Any CPU
		{D15CA1EC-B272-4A34-8FBE-510A4C29DD96}.Release|Any CPU.Build.0 = Release|Any CPU
		{D24059A7-FEFF-4FD1-B10E-BE7403685BA4}.Debug|Any CPU.ActiveCfg = Debug|Any CPU
		{D24059A7-FEFF-4FD1-B10E-BE7403685BA4}.Debug|Any CPU.Build.0 = Debug|Any CPU
		{D24059A7-FEFF-4FD1-B10E-BE7403685BA4}.Release|Any CPU.ActiveCfg = Release|Any CPU
		{D24059A7-FEFF-4FD1-B10E-BE7403685BA4}.Release|Any CPU.Build.0 = Release|Any CPU
		{804D23B2-A89F-4562-97CC-622511BAFB67}.Debug|Any CPU.ActiveCfg = Debug|Any CPU
		{804D23B2-A89F-4562-97CC-622511BAFB67}.Debug|Any CPU.Build.0 = Debug|Any CPU
		{804D23B2-A89F-4562-97CC-622511BAFB67}.Release|Any CPU.ActiveCfg = Release|Any CPU
		{804D23B2-A89F-4562-97CC-622511BAFB67}.Release|Any CPU.Build.0 = Release|Any CPU
		{20CE3A63-A97E-48CA-8227-577F91B82703}.Debug|Any CPU.ActiveCfg = Debug|Any CPU
		{20CE3A63-A97E-48CA-8227-577F91B82703}.Debug|Any CPU.Build.0 = Debug|Any CPU
		{20CE3A63-A97E-48CA-8227-577F91B82703}.Release|Any CPU.ActiveCfg = Release|Any CPU
		{20CE3A63-A97E-48CA-8227-577F91B82703}.Release|Any CPU.Build.0 = Release|Any CPU
		{5FB3C8E0-E133-48E2-98DA-CCEB0B14CF3D}.Debug|Any CPU.ActiveCfg = Debug|Any CPU
		{5FB3C8E0-E133-48E2-98DA-CCEB0B14CF3D}.Debug|Any CPU.Build.0 = Debug|Any CPU
		{5FB3C8E0-E133-48E2-98DA-CCEB0B14CF3D}.Release|Any CPU.ActiveCfg = Release|Any CPU
		{5FB3C8E0-E133-48E2-98DA-CCEB0B14CF3D}.Release|Any CPU.Build.0 = Release|Any CPU
	EndGlobalSection
	GlobalSection(SolutionProperties) = preSolution
		HideSolutionNode = FALSE
	EndGlobalSection
	GlobalSection(ExtensibilityGlobals) = postSolution
		SolutionGuid = {1E5AD00A-3AA5-4364-9585-90888B762257}
	EndGlobalSection
EndGlobal
